# THIS IS AN AUTOGENERATED FILE. DO NOT EDIT THIS FILE DIRECTLY.
# yarn lockfile v1


"@babel/parser@^7.16.4":
  version "7.21.3"
  resolved "https://registry.yarnpkg.com/@babel/parser/-/parser-7.21.3.tgz#1d285d67a19162ff9daa358d4cb41d50c06220b3"
  integrity sha512-lobG0d7aOfQRXh8AyklEAgZGvA4FShxo6xQbUrrT/cNBPUdIDojlokwJsQyCC/eKia7ifqM0yP+2DRZ4WKw2RQ==

"@esbuild/android-arm64@0.17.13":
  version "0.17.13"
  resolved "https://registry.yarnpkg.com/@esbuild/android-arm64/-/android-arm64-0.17.13.tgz#88e5b6afe65ef3168b0eb6dc93fdb1b15f4653c9"
  integrity sha512-F5DgvJMV2ZEpLNpPCO7FEk1wy8O5tg6cikWSB6uvvncsgE1xgbPlm+Boio/4820C2/mj713X83X1h01v0qoeHg==

"@esbuild/android-arm@0.17.13":
  version "0.17.13"
  resolved "https://registry.yarnpkg.com/@esbuild/android-arm/-/android-arm-0.17.13.tgz#5a1cfd20453eb1c8a64602069d3e2187a2278b34"
  integrity sha512-5tZZ/hLIfBmt7E8JsE5KbsknoAFmoElkg+A/gjyPtmSQvJjPf+9GsSJihid8VMa08lrsYyaEXOT9RLh3xXQONw==

"@esbuild/android-x64@0.17.13":
  version "0.17.13"
  resolved "https://registry.yarnpkg.com/@esbuild/android-x64/-/android-x64-0.17.13.tgz#4228fef54b7c9c0167693f634301648a9a35d7e4"
  integrity sha512-5m1UUslzpfVrumG3m3Zv2x9VNAcvMOQWJy009y6jt10tcHpzIq2/b0I0k4fz0QYqGSNS1GteRIhVPN4H7OyCXg==

"@esbuild/darwin-arm64@0.17.13":
  version "0.17.13"
  resolved "https://registry.yarnpkg.com/@esbuild/darwin-arm64/-/darwin-arm64-0.17.13.tgz#83964a0ded926c1ef16f5329b80cf505d073e4da"
  integrity sha512-TXbXp/05r7heRsG8yWwbHw9diay+wXIyRNcIHFoNARRIGahYbTW/qwJzE37zkfxLIUPHgR/SyLTUlnTICg14ag==

"@esbuild/darwin-x64@0.17.13":
  version "0.17.13"
  resolved "https://registry.yarnpkg.com/@esbuild/darwin-x64/-/darwin-x64-0.17.13.tgz#330ad462247e5109079efbc1c782c981e584913f"
  integrity sha512-Ku9Db2sblCxFvQdEO7X9nBaLR/S81uch81e2Q2+Os5z1NcnsFjuqhIYH0Gm6KNNpIKaEbC7gCLbiIPbLLMX4Pg==

"@esbuild/freebsd-arm64@0.17.13":
  version "0.17.13"
  resolved "https://registry.yarnpkg.com/@esbuild/freebsd-arm64/-/freebsd-arm64-0.17.13.tgz#59ca41062922c759ad32421d93a6fa0e85290a6b"
  integrity sha512-t1T5/nIf2j+FdSf1Fa3dcU0cXycr0nK4xJe52qjWa+1I249mM5NBY1ODjiabZxZ0x3CG05y4fd9bxfDLy9kQtA==

"@esbuild/freebsd-x64@0.17.13":
  version "0.17.13"
  resolved "https://registry.yarnpkg.com/@esbuild/freebsd-x64/-/freebsd-x64-0.17.13.tgz#349b22850b18323690f90127117d83f351303a7b"
  integrity sha512-/zbkgEO4gY2qGZr9UNAGI38w/FwUY4bx4EC88k9VeiCKNr3ukNgwH/oIgB5Z9/OqpkNLlcS4w9e2d/MIiy5fbw==

"@esbuild/linux-arm64@0.17.13":
  version "0.17.13"
  resolved "https://registry.yarnpkg.com/@esbuild/linux-arm64/-/linux-arm64-0.17.13.tgz#92aa31b0ef1521506e14c27bb960f18eaee5c31f"
  integrity sha512-siu3QZrQ7eGrSttvFaRKyjT7kNRbUuHEKzCCyqRh19MbpGokGY13jbIsBEjx6JmH3T50hds325oweS9Ey2ihAQ==

"@esbuild/linux-arm@0.17.13":
  version "0.17.13"
  resolved "https://registry.yarnpkg.com/@esbuild/linux-arm/-/linux-arm-0.17.13.tgz#3ebbf4764c36f90e58a6342f67844f7628988faf"
  integrity sha512-RrhjzrCF6aCDH248nUAQoldnRmN7nHMxv85GOj5AH+qkxxYvcig7fnUmgANngntRu4btXhN9WKHMgQ5seERDMw==

"@esbuild/linux-ia32@0.17.13":
  version "0.17.13"
  resolved "https://registry.yarnpkg.com/@esbuild/linux-ia32/-/linux-ia32-0.17.13.tgz#7c10f44eed774d6e5ebe652af30e3703819314f6"
  integrity sha512-ADHA1PqP5gIegehVP0RvxMmNPxpLgetI8QCwYOjUheGXKIKWSdUN8ZS3rusQv3NGZmFCpYdMZzFoI0QtzzGAdw==

"@esbuild/linux-loong64@0.17.13":
  version "0.17.13"
  resolved "https://registry.yarnpkg.com/@esbuild/linux-loong64/-/linux-loong64-0.17.13.tgz#80def2d6b0f636deb915ca17353aed42c668e3f7"
  integrity sha512-n1JQPxETmR0brkpWlJHeohReEPLH+m00bnJdNnFyHN3zLBt1QypevuZSmnmFWsC+7r7HTwWILj3lBDjtPH3ydg==

"@esbuild/linux-mips64el@0.17.13":
  version "0.17.13"
  resolved "https://registry.yarnpkg.com/@esbuild/linux-mips64el/-/linux-mips64el-0.17.13.tgz#4d80d34c1ab79c57f5df819e45e555a695c840ab"
  integrity sha512-d0pnD/j5KKQ43xtSIvOD+wNIy6D/Vh9GbXVRa3u4zCyiJMYWjxkPkbBzlEgNjdDmUM+5gBFen9k7B8Xscy+Myg==

"@esbuild/linux-ppc64@0.17.13":
  version "0.17.13"
  resolved "https://registry.yarnpkg.com/@esbuild/linux-ppc64/-/linux-ppc64-0.17.13.tgz#7b668c77ecd58b499622e360400670a8a57697b8"
  integrity sha512-C9sMpa/VcGLjVtsT01sXtzZNS7bAZ+icUclkKkiUwBQ9hzT+J+/Xpj+EykI5hB3KgtxQVo4XUahanFoZNxbQ1g==

"@esbuild/linux-riscv64@0.17.13":
  version "0.17.13"
  resolved "https://registry.yarnpkg.com/@esbuild/linux-riscv64/-/linux-riscv64-0.17.13.tgz#b2b8cdb6a444e86dcbfb16cb3e5a99d7eaf75c41"
  integrity sha512-jYkc5EpNpvjccAHNYekiAtklusVGWftR0VVLtng7dJzDyy+5adAsf1fOG3LllP0WALxS55/w6boLE/728J/bXw==

"@esbuild/linux-s390x@0.17.13":
  version "0.17.13"
  resolved "https://registry.yarnpkg.com/@esbuild/linux-s390x/-/linux-s390x-0.17.13.tgz#38dd0677b876c29280785b18cafc1673961e7f8e"
  integrity sha512-4jAJI5O6E/hATL4lsrG2A+noDjZ377KlATVFKwV3SWaNHj+OvoXe/T84ScQIXEtPI7ndJyLkMYruXj8RR5Ilyw==

"@esbuild/linux-x64@0.17.13":
  version "0.17.13"
  resolved "https://registry.yarnpkg.com/@esbuild/linux-x64/-/linux-x64-0.17.13.tgz#0fed27e7dd7c5b00d9d53c3759a1fc3b6b1dec53"
  integrity sha512-eFLQhJq98qijGRcv9je/9M4Mz1suZ+pOtj62ArsLd0gubNGhhQDz6T30X2X3f1KZ8lkKkr+zN5vtZzx1GAMoFw==

"@esbuild/netbsd-x64@0.17.13":
  version "0.17.13"
  resolved "https://registry.yarnpkg.com/@esbuild/netbsd-x64/-/netbsd-x64-0.17.13.tgz#5db5d517bd6395e63452a59cd4b00c12eb584c3a"
  integrity sha512-F8PXDeT+3eQpPjf4bmNJapPLu0SKKlWRGPQvBQqVS+YDGoMKnyyYp2UENLFMV8zT7kS39zKxZRZvUL3fMz/7Ww==

"@esbuild/openbsd-x64@0.17.13":
  version "0.17.13"
  resolved "https://registry.yarnpkg.com/@esbuild/openbsd-x64/-/openbsd-x64-0.17.13.tgz#d2270dad94a50b78eb67360a85ad45212ac6783b"
  integrity sha512-9jWfzbFCnIZdHjNs+00KQHArUbp7kjQDNmiuqkwGOQFs67m4/dKNupBv2DP5hTqVlQY4tW4RG3qpb6Y3zOHJeA==

"@esbuild/sunos-x64@0.17.13":
  version "0.17.13"
  resolved "https://registry.yarnpkg.com/@esbuild/sunos-x64/-/sunos-x64-0.17.13.tgz#716382743f17c080b17a782346c33c976e10345e"
  integrity sha512-ALbOMlTIBkAVi6KqYjONa7u2oH95RN7OpetFqMtjufFLBiSaayRuwUzhs2yuR9CfGT4qi0jv6HQDav+EG314TQ==

"@esbuild/win32-arm64@0.17.13":
  version "0.17.13"
  resolved "https://registry.yarnpkg.com/@esbuild/win32-arm64/-/win32-arm64-0.17.13.tgz#e9527611f3c9d2c2be61c86d4eb9077c060cdb39"
  integrity sha512-FJBLYL4PkrZGeuHzEqme+0DjNetxkJ+XbB+Aoeow7aQ53JCwsA0/mo8sS5aPkDHgCnMkN4A5GLoFTlDj3BKDrQ==

"@esbuild/win32-ia32@0.17.13":
  version "0.17.13"
  resolved "https://registry.yarnpkg.com/@esbuild/win32-ia32/-/win32-ia32-0.17.13.tgz#f5a1f05254852a6f511af5e1a86afbda807fe8c8"
  integrity sha512-Qrvst9RkLz4qgi3hqswNliYuKW92/HGJnd7xLWkGaGPa8S4qsONf81FW0ebDc5iUHb0I7QJwQATutvghTabnFA==

"@esbuild/win32-x64@0.17.13":
  version "0.17.13"
  resolved "https://registry.yarnpkg.com/@esbuild/win32-x64/-/win32-x64-0.17.13.tgz#eca2698440d931b5a0fb8a5a29388c17adcb6bf5"
  integrity sha512-pZ/NIgz861XaUPlIkPFjP55nJ4PJa0o/CD4zgeRb1Q9FVE+8GvdB6ifJcK05jRhny5hKExhnRFIdgHmmCYH8vg==

"@vitejs/plugin-vue@^4.1.0":
  version "4.1.0"
  resolved "https://registry.yarnpkg.com/@vitejs/plugin-vue/-/plugin-vue-4.1.0.tgz#b6a9d83cd91575f7ee15593f6444397f68751073"
  integrity sha512-++9JOAFdcXI3lyer9UKUV4rfoQ3T1RN8yDqoCLar86s0xQct5yblxAE+yWgRnU5/0FOlVCpTZpYSBV/bGWrSrQ==

"@volar/language-core@1.3.0-alpha.0":
  version "1.3.0-alpha.0"
  resolved "https://registry.yarnpkg.com/@volar/language-core/-/language-core-1.3.0-alpha.0.tgz#4924b4cbc37dbce5f3845c1d2b2811938223a980"
  integrity sha512-W3uMzecHPcbwddPu4SJpUcPakRBK/y/BP+U0U6NiPpUX1tONLC4yCawt+QBJqtgJ+sfD6ztf5PyvPL3hQRqfOA==
  dependencies:
    "@volar/source-map" "1.3.0-alpha.0"

"@volar/source-map@1.3.0-alpha.0":
  version "1.3.0-alpha.0"
  resolved "https://registry.yarnpkg.com/@volar/source-map/-/source-map-1.3.0-alpha.0.tgz#c45d51ecb9759604d29fb80211d2fc9765e5559c"
  integrity sha512-jSdizxWFvDTvkPYZnO6ew3sBZUnS0abKCbuopkc0JrIlFbznWC/fPH3iPFIMS8/IIkRxq1Jh9VVG60SmtsdaMQ==
  dependencies:
    muggle-string "^0.2.2"

"@volar/typescript@1.3.0-alpha.0":
  version "1.3.0-alpha.0"
  resolved "https://registry.yarnpkg.com/@volar/typescript/-/typescript-1.3.0-alpha.0.tgz#f79bbc9939016700812b18191c47eb035913c6c3"
  integrity sha512-5UItyW2cdH2mBLu4RrECRNJRgtvvzKrSCn2y3v/D61QwIDkGx4aeil6x8RFuUL5TFtV6QvVHXnsOHxNgd+sCow==
  dependencies:
    "@volar/language-core" "1.3.0-alpha.0"

"@volar/vue-language-core@1.2.0":
  version "1.2.0"
  resolved "https://registry.yarnpkg.com/@volar/vue-language-core/-/vue-language-core-1.2.0.tgz#a600aa93c6a4e89bf2b525b7e876b39e3afdfb9b"
  integrity sha512-w7yEiaITh2WzKe6u8ZdeLKCUz43wdmY/OqAmsB/PGDvvhTcVhCJ6f0W/RprZL1IhqH8wALoWiwEh/Wer7ZviMQ==
  dependencies:
    "@volar/language-core" "1.3.0-alpha.0"
    "@volar/source-map" "1.3.0-alpha.0"
    "@vue/compiler-dom" "^3.2.47"
    "@vue/compiler-sfc" "^3.2.47"
    "@vue/reactivity" "^3.2.47"
    "@vue/shared" "^3.2.47"
    minimatch "^6.1.6"
    muggle-string "^0.2.2"
    vue-template-compiler "^2.7.14"

"@volar/vue-typescript@1.2.0":
  version "1.2.0"
  resolved "https://registry.yarnpkg.com/@volar/vue-typescript/-/vue-typescript-1.2.0.tgz#825dab4624a116d8be21efbf0c4a7bd6dec51d37"
  integrity sha512-zjmRi9y3J1EkG+pfuHp8IbHmibihrKK485cfzsHjiuvJMGrpkWvlO5WVEk8oslMxxeGC5XwBFE9AOlvh378EPA==
  dependencies:
    "@volar/typescript" "1.3.0-alpha.0"
    "@volar/vue-language-core" "1.2.0"

"@vue/compiler-core@3.2.47":
  version "3.2.47"
  resolved "https://registry.yarnpkg.com/@vue/compiler-core/-/compiler-core-3.2.47.tgz#3e07c684d74897ac9aa5922c520741f3029267f8"
  integrity sha512-p4D7FDnQb7+YJmO2iPEv0SQNeNzcbHdGByJDsT4lynf63AFkOTFN07HsiRSvjGo0QrxR/o3d0hUyNCUnBU2Tig==
  dependencies:
    "@babel/parser" "^7.16.4"
    "@vue/shared" "3.2.47"
    estree-walker "^2.0.2"
    source-map "^0.6.1"

"@vue/compiler-dom@3.2.47", "@vue/compiler-dom@^3.2.47":
  version "3.2.47"
  resolved "https://registry.yarnpkg.com/@vue/compiler-dom/-/compiler-dom-3.2.47.tgz#a0b06caf7ef7056939e563dcaa9cbde30794f305"
  integrity sha512-dBBnEHEPoftUiS03a4ggEig74J2YBZ2UIeyfpcRM2tavgMWo4bsEfgCGsu+uJIL/vax9S+JztH8NmQerUo7shQ==
  dependencies:
    "@vue/compiler-core" "3.2.47"
    "@vue/shared" "3.2.47"

"@vue/compiler-sfc@3.2.47", "@vue/compiler-sfc@^3.2.47":
  version "3.2.47"
  resolved "https://registry.yarnpkg.com/@vue/compiler-sfc/-/compiler-sfc-3.2.47.tgz#1bdc36f6cdc1643f72e2c397eb1a398f5004ad3d"
  integrity sha512-rog05W+2IFfxjMcFw10tM9+f7i/+FFpZJJ5XHX72NP9eC2uRD+42M3pYcQqDXVYoj74kHMSEdQ/WmCjt8JFksQ==
  dependencies:
    "@babel/parser" "^7.16.4"
    "@vue/compiler-core" "3.2.47"
    "@vue/compiler-dom" "3.2.47"
    "@vue/compiler-ssr" "3.2.47"
    "@vue/reactivity-transform" "3.2.47"
    "@vue/shared" "3.2.47"
    estree-walker "^2.0.2"
    magic-string "^0.25.7"
    postcss "^8.1.10"
    source-map "^0.6.1"

"@vue/compiler-ssr@3.2.47":
  version "3.2.47"
  resolved "https://registry.yarnpkg.com/@vue/compiler-ssr/-/compiler-ssr-3.2.47.tgz#35872c01a273aac4d6070ab9d8da918ab13057ee"
  integrity sha512-wVXC+gszhulcMD8wpxMsqSOpvDZ6xKXSVWkf50Guf/S+28hTAXPDYRTbLQ3EDkOP5Xz/+SY37YiwDquKbJOgZw==
  dependencies:
    "@vue/compiler-dom" "3.2.47"
    "@vue/shared" "3.2.47"

"@vue/reactivity-transform@3.2.47":
  version "3.2.47"
  resolved "https://registry.yarnpkg.com/@vue/reactivity-transform/-/reactivity-transform-3.2.47.tgz#e45df4d06370f8abf29081a16afd25cffba6d84e"
  integrity sha512-m8lGXw8rdnPVVIdIFhf0LeQ/ixyHkH5plYuS83yop5n7ggVJU+z5v0zecwEnX7fa7HNLBhh2qngJJkxpwEEmYA==
  dependencies:
    "@babel/parser" "^7.16.4"
    "@vue/compiler-core" "3.2.47"
    "@vue/shared" "3.2.47"
    estree-walker "^2.0.2"
    magic-string "^0.25.7"

"@vue/reactivity@3.2.47", "@vue/reactivity@^3.2.47":
  version "3.2.47"
  resolved "https://registry.yarnpkg.com/@vue/reactivity/-/reactivity-3.2.47.tgz#1d6399074eadfc3ed35c727e2fd707d6881140b6"
  integrity sha512-7khqQ/75oyyg+N/e+iwV6lpy1f5wq759NdlS1fpAhFXa8VeAIKGgk2E/C4VF59lx5b+Ezs5fpp/5WsRYXQiKxQ==
  dependencies:
    "@vue/shared" "3.2.47"

"@vue/runtime-core@3.2.47":
  version "3.2.47"
  resolved "https://registry.yarnpkg.com/@vue/runtime-core/-/runtime-core-3.2.47.tgz#406ebade3d5551c00fc6409bbc1eeb10f32e121d"
  integrity sha512-RZxbLQIRB/K0ev0K9FXhNbBzT32H9iRtYbaXb0ZIz2usLms/D55dJR2t6cIEUn6vyhS3ALNvNthI+Q95C+NOpA==
  dependencies:
    "@vue/reactivity" "3.2.47"
    "@vue/shared" "3.2.47"

"@vue/runtime-dom@3.2.47":
  version "3.2.47"
  resolved "https://registry.yarnpkg.com/@vue/runtime-dom/-/runtime-dom-3.2.47.tgz#93e760eeaeab84dedfb7c3eaf3ed58d776299382"
  integrity sha512-ArXrFTjS6TsDei4qwNvgrdmHtD930KgSKGhS5M+j8QxXrDJYLqYw4RRcDy1bz1m1wMmb6j+zGLifdVHtkXA7gA==
  dependencies:
    "@vue/runtime-core" "3.2.47"
    "@vue/shared" "3.2.47"
    csstype "^2.6.8"

"@vue/server-renderer@3.2.47":
  version "3.2.47"
  resolved "https://registry.yarnpkg.com/@vue/server-renderer/-/server-renderer-3.2.47.tgz#8aa1d1871fc4eb5a7851aa7f741f8f700e6de3c0"
  integrity sha512-dN9gc1i8EvmP9RCzvneONXsKfBRgqFeFZLurmHOveL7oH6HiFXJw5OGu294n1nHc/HMgTy6LulU/tv5/A7f/LA==
  dependencies:
    "@vue/compiler-ssr" "3.2.47"
    "@vue/shared" "3.2.47"

"@vue/shared@3.2.47", "@vue/shared@^3.2.47":
  version "3.2.47"
  resolved "https://registry.yarnpkg.com/@vue/shared/-/shared-3.2.47.tgz#e597ef75086c6e896ff5478a6bfc0a7aa4bbd14c"
  integrity sha512-BHGyyGN3Q97EZx0taMQ+OLNuZcW3d37ZEVmEAyeoA9ERdGvm9Irc/0Fua8SNyOtV1w6BS4q25wbMzJujO9HIfQ==

balanced-match@^1.0.0:
  version "1.0.2"
  resolved "https://registry.yarnpkg.com/balanced-match/-/balanced-match-1.0.2.tgz#e83e3a7e3f300b34cb9d87f615fa0cbf357690ee"
  integrity sha512-3oSeUO0TMV67hN1AmbXsK4yaqU7tjiHlbxRDZOpH0KW9+CeX4bRAaX0Anxt0tx2MrpRpWwQaPwIlISEJhYU5Pw==

brace-expansion@^2.0.1:
  version "2.0.1"
  resolved "https://registry.yarnpkg.com/brace-expansion/-/brace-expansion-2.0.1.tgz#1edc459e0f0c548486ecf9fc99f2221364b9a0ae"
  integrity sha512-XnAIvQ8eM+kC6aULx6wuQiwVsnzsi9d3WxzV3FpWTGA19F621kwdbsAcFKXgKUHZWsy+mY6iL1sHTxWEFCytDA==
  dependencies:
    balanced-match "^1.0.0"

csstype@^2.6.8:
  version "2.6.21"
  resolved "https://registry.yarnpkg.com/csstype/-/csstype-2.6.21.tgz#2efb85b7cc55c80017c66a5ad7cbd931fda3a90e"
  integrity sha512-Z1PhmomIfypOpoMjRQB70jfvy/wxT50qW08YXO5lMIJkrdq4yOTR+AW7FqutScmB9NkLwxo+jU+kZLbofZZq/w==

de-indent@^1.0.2:
  version "1.0.2"
  resolved "https://registry.yarnpkg.com/de-indent/-/de-indent-1.0.2.tgz#b2038e846dc33baa5796128d0804b455b8c1e21d"
  integrity sha512-e/1zu3xH5MQryN2zdVaF0OrdNLUbvWxzMbi+iNA6Bky7l1RoP8a2fIbRocyHclXt/arDrrR6lL3TqFD9pMQTsg==

esbuild@^0.17.5:
  version "0.17.13"
  resolved "https://registry.yarnpkg.com/esbuild/-/esbuild-0.17.13.tgz#463066919a5567e8d1f4781004129da7fc8774b6"
  integrity sha512-4ixMwdErBcQHgTBeoxnowENCPKWFAGxgTyKHMK8gqn9sZaC7ZNWFKtim16g2rzQ2b/FYyy3lIUUJboFtjolhqg==
  optionalDependencies:
    "@esbuild/android-arm" "0.17.13"
    "@esbuild/android-arm64" "0.17.13"
    "@esbuild/android-x64" "0.17.13"
    "@esbuild/darwin-arm64" "0.17.13"
    "@esbuild/darwin-x64" "0.17.13"
    "@esbuild/freebsd-arm64" "0.17.13"
    "@esbuild/freebsd-x64" "0.17.13"
    "@esbuild/linux-arm" "0.17.13"
    "@esbuild/linux-arm64" "0.17.13"
    "@esbuild/linux-ia32" "0.17.13"
    "@esbuild/linux-loong64" "0.17.13"
    "@esbuild/linux-mips64el" "0.17.13"
    "@esbuild/linux-ppc64" "0.17.13"
    "@esbuild/linux-riscv64" "0.17.13"
    "@esbuild/linux-s390x" "0.17.13"
    "@esbuild/linux-x64" "0.17.13"
    "@esbuild/netbsd-x64" "0.17.13"
    "@esbuild/openbsd-x64" "0.17.13"
    "@esbuild/sunos-x64" "0.17.13"
    "@esbuild/win32-arm64" "0.17.13"
    "@esbuild/win32-ia32" "0.17.13"
    "@esbuild/win32-x64" "0.17.13"

estree-walker@^2.0.2:
  version "2.0.2"
  resolved "https://registry.yarnpkg.com/estree-walker/-/estree-walker-2.0.2.tgz#52f010178c2a4c117a7757cfe942adb7d2da4cac"
  integrity sha512-Rfkk/Mp/DL7JVje3u18FxFujQlTNR2q6QfMSMB7AvCBx91NGj/ba3kCfza0f6dVDbw7YlRf/nDrn7pQrCCyQ/w==

fsevents@~2.3.2:
  version "2.3.2"
  resolved "https://registry.yarnpkg.com/fsevents/-/fsevents-2.3.2.tgz#8a526f78b8fdf4623b709e0b975c52c24c02fd1a"
  integrity sha512-xiqMQR4xAeHTuB9uWm+fFRcIOgKBMiOBP+eXiyT7jsgVCq1bkVygt00oASowB7EdtpOHaaPgKt812P9ab+DDKA==

function-bind@^1.1.1:
  version "1.1.1"
  resolved "https://registry.yarnpkg.com/function-bind/-/function-bind-1.1.1.tgz#a56899d3ea3c9bab874bb9773b7c5ede92f4895d"
  integrity sha512-yIovAzMX49sF8Yl58fSCWJ5svSLuaibPxXQJFLmBObTuCr0Mf1KiPopGM9NiFjiYBCbfaa2Fh6breQ6ANVTI0A==

has@^1.0.3:
  version "1.0.3"
  resolved "https://registry.yarnpkg.com/has/-/has-1.0.3.tgz#722d7cbfc1f6aa8241f16dd814e011e1f41e8796"
  integrity sha512-f2dvO0VU6Oej7RkWJGrehjbzMAjFp5/VKPp5tTpWIV4JHHZK1/BxbFRtf/siA2SWTe09caDmVtYYzWEIbBS4zw==
  dependencies:
    function-bind "^1.1.1"

he@^1.2.0:
  version "1.2.0"
  resolved "https://registry.yarnpkg.com/he/-/he-1.2.0.tgz#84ae65fa7eafb165fddb61566ae14baf05664f0f"
  integrity sha512-F/1DnUGPopORZi0ni+CvrCgHQ5FyEAHRLSApuYWMmrbSwoN2Mn/7k+Gl38gJnR7yyDZk6WLXwiGod1JOWNDKGw==

is-core-module@^2.9.0:
  version "2.11.0"
  resolved "https://registry.yarnpkg.com/is-core-module/-/is-core-module-2.11.0.tgz#ad4cb3e3863e814523c96f3f58d26cc570ff0144"
  integrity sha512-RRjxlvLDkD1YJwDbroBHMb+cukurkDWNyHx7D3oNB5x9rb5ogcksMC5wHCadcXoo67gVr/+3GFySh3134zi6rw==
  dependencies:
    has "^1.0.3"

magic-string@^0.25.7:
  version "0.25.9"
  resolved "https://registry.yarnpkg.com/magic-string/-/magic-string-0.25.9.tgz#de7f9faf91ef8a1c91d02c2e5314c8277dbcdd1c"
  integrity sha512-RmF0AsMzgt25qzqqLc1+MbHmhdx0ojF2Fvs4XnOqz2ZOBXzzkEwc/dJQZCYHAn7v1jbVOjAZfK8msRn4BxO4VQ==
  dependencies:
    sourcemap-codec "^1.4.8"

minimatch@^6.1.6:
  version "6.2.0"
  resolved "https://registry.yarnpkg.com/minimatch/-/minimatch-6.2.0.tgz#2b70fd13294178c69c04dfc05aebdb97a4e79e42"
  integrity sha512-sauLxniAmvnhhRjFwPNnJKaPFYyddAgbYdeUpHULtCT/GhzdCx/MDNy+Y40lBxTQUrMzDE8e0S43Z5uqfO0REg==
  dependencies:
    brace-expansion "^2.0.1"

muggle-string@^0.2.2:
  version "0.2.2"
  resolved "https://registry.yarnpkg.com/muggle-string/-/muggle-string-0.2.2.tgz#786aa53fea1652c61c6a59e1f839292b262bc72a"
  integrity sha512-YVE1mIJ4VpUMqZObFndk9CJu6DBJR/GB13p3tXuNbwD4XExaI5EOuRl6BHeIDxIqXZVxSfAC+y6U1Z/IxCfKUg==

nanoid@^3.3.4:
  version "3.3.4"
  resolved "https://registry.yarnpkg.com/nanoid/-/nanoid-3.3.4.tgz#730b67e3cd09e2deacf03c027c81c9d9dbc5e8ab"
  integrity sha512-MqBkQh/OHTS2egovRtLk45wEyNXwF+cokD+1YPf9u5VfJiRdAiRwB2froX5Co9Rh20xs4siNPm8naNotSD6RBw==

path-parse@^1.0.7:
  version "1.0.7"
  resolved "https://registry.yarnpkg.com/path-parse/-/path-parse-1.0.7.tgz#fbc114b60ca42b30d9daf5858e4bd68bbedb6735"
  integrity sha512-LDJzPVEEEPR+y48z93A0Ed0yXb8pAByGWo/k5YYdYgpY2/2EsOsksJrq7lOHxryrVOn1ejG6oAp8ahvOIQD8sw==

picocolors@^1.0.0:
  version "1.0.0"
  resolved "https://registry.yarnpkg.com/picocolors/-/picocolors-1.0.0.tgz#cb5bdc74ff3f51892236eaf79d68bc44564ab81c"
  integrity sha512-1fygroTLlHu66zi26VoTDv8yRgm0Fccecssto+MhsZ0D/DGW2sm8E8AjW7NU5VVTRt5GxbeZ5qBuJr+HyLYkjQ==

postcss@^8.1.10, postcss@^8.4.21:
  version "8.4.21"
  resolved "https://registry.yarnpkg.com/postcss/-/postcss-8.4.21.tgz#c639b719a57efc3187b13a1d765675485f4134f4"
  integrity sha512-tP7u/Sn/dVxK2NnruI4H9BG+x+Wxz6oeZ1cJ8P6G/PZY0IKk4k/63TDsQf2kQq3+qoJeLm2kIBUNlZe3zgb4Zg==
  dependencies:
    nanoid "^3.3.4"
    picocolors "^1.0.0"
    source-map-js "^1.0.2"

resolve@^1.22.1:
  version "1.22.1"
  resolved "https://registry.yarnpkg.com/resolve/-/resolve-1.22.1.tgz#27cb2ebb53f91abb49470a928bba7558066ac177"
  integrity sha512-nBpuuYuY5jFsli/JIs1oldw6fOQCBioohqWZg/2hiaOybXOft4lonv85uDOKXdf8rhyK159cxU5cDcK/NKk8zw==
  dependencies:
    is-core-module "^2.9.0"
    path-parse "^1.0.7"
    supports-preserve-symlinks-flag "^1.0.0"

rollup@^3.18.0:
  version "3.20.2"
  resolved "https://registry.yarnpkg.com/rollup/-/rollup-3.20.2.tgz#f798c600317f216de2e4ad9f4d9ab30a89b690ff"
  integrity sha512-3zwkBQl7Ai7MFYQE0y1MeQ15+9jsi7XxfrqwTb/9EK8D9C9+//EBR4M+CuA1KODRaNbFez/lWxA5vhEGZp4MUg==
  optionalDependencies:
    fsevents "~2.3.2"

source-map-js@^1.0.2:
  version "1.0.2"
  resolved "https://registry.yarnpkg.com/source-map-js/-/source-map-js-1.0.2.tgz#adbc361d9c62df380125e7f161f71c826f1e490c"
  integrity sha512-R0XvVJ9WusLiqTCEiGCmICCMplcCkIwwR11mOSD9CR5u+IXYdiseeEuXCVAjS54zqwkLcPNnmU4OeJ6tUrWhDw==

source-map@^0.6.1:
  version "0.6.1"
  resolved "https://registry.yarnpkg.com/source-map/-/source-map-0.6.1.tgz#74722af32e9614e9c287a8d0bbde48b5e2f1a263"
  integrity sha512-UjgapumWlbMhkBgzT7Ykc5YXUT46F0iKu8SGXq0bcwP5dz/h0Plj6enJqjz1Zbq2l5WaqYnrVbwWOWMyF3F47g==

sourcemap-codec@^1.4.8:
  version "1.4.8"
  resolved "https://registry.yarnpkg.com/sourcemap-codec/-/sourcemap-codec-1.4.8.tgz#ea804bd94857402e6992d05a38ef1ae35a9ab4c4"
  integrity sha512-9NykojV5Uih4lgo5So5dtw+f0JgJX30KCNI8gwhz2J9A15wD0Ml6tjHKwf6fTSa6fAdVBdZeNOs9eJ71qCk8vA==

supports-preserve-symlinks-flag@^1.0.0:
  version "1.0.0"
  resolved "https://registry.yarnpkg.com/supports-preserve-symlinks-flag/-/supports-preserve-symlinks-flag-1.0.0.tgz#6eda4bd344a3c94aea376d4cc31bc77311039e09"
  integrity sha512-ot0WnXS9fgdkgIcePe6RHNk1WA8+muPa6cSjeR3V8K27q9BB1rTE3R1p7Hv0z1ZyAc8s6Vvv8DIyWf681MAt0w==

typescript@^4.9.3:
  version "4.9.5"
  resolved "https://registry.yarnpkg.com/typescript/-/typescript-4.9.5.tgz#095979f9bcc0d09da324d58d03ce8f8374cbe65a"
  integrity sha512-1FXk9E2Hm+QzZQ7z+McJiHL4NW1F2EzMu9Nq9i3zAaGqibafqYwCVU6WyWAuyQRRzOlxou8xZSyXLEN8oKj24g==

vite@^4.2.0:
  version "4.2.1"
  resolved "https://registry.yarnpkg.com/vite/-/vite-4.2.1.tgz#6c2eb337b0dfd80a9ded5922163b94949d7fc254"
  integrity sha512-7MKhqdy0ISo4wnvwtqZkjke6XN4taqQ2TBaTccLIpOKv7Vp2h4Y+NpmWCnGDeSvvn45KxvWgGyb0MkHvY1vgbg==
  dependencies:
    esbuild "^0.17.5"
    postcss "^8.4.21"
    resolve "^1.22.1"
    rollup "^3.18.0"
  optionalDependencies:
    fsevents "~2.3.2"

vue-template-compiler@^2.7.14:
  version "2.7.14"
  resolved "https://registry.yarnpkg.com/vue-template-compiler/-/vue-template-compiler-2.7.14.tgz#4545b7dfb88090744c1577ae5ac3f964e61634b1"
  integrity sha512-zyA5Y3ArvVG0NacJDkkzJuPQDF8RFeRlzV2vLeSnhSpieO6LK2OVbdLPi5MPPs09Ii+gMO8nY4S3iKQxBxDmWQ==
  dependencies:
    de-indent "^1.0.2"
    he "^1.2.0"

vue-tsc@^1.2.0:
  version "1.2.0"
  resolved "https://registry.yarnpkg.com/vue-tsc/-/vue-tsc-1.2.0.tgz#2b64b960cc96208492541394423ace589a461be6"
  integrity sha512-rIlzqdrhyPYyLG9zxsVRa+JEseeS9s8F2BbVVVWRRsTZvJO2BbhLEb2HW3MY+DFma0378tnIqs+vfTzbcQtRFw==
  dependencies:
    "@volar/vue-language-core" "1.2.0"
    "@volar/vue-typescript" "1.2.0"

vue@^3.2.47:
  version "3.2.47"
  resolved "https://registry.yarnpkg.com/vue/-/vue-3.2.47.tgz#3eb736cbc606fc87038dbba6a154707c8a34cff0"
  integrity sha512-60188y/9Dc9WVrAZeUVSDxRQOZ+z+y5nO2ts9jWXSTkMvayiWxCWOWtBQoYjLeccfXkiiPZWAHcV+WTPhkqJHQ==
  dependencies:
    "@vue/compiler-dom" "3.2.47"
    "@vue/compiler-sfc" "3.2.47"
    "@vue/runtime-dom" "3.2.47"
    "@vue/server-renderer" "3.2.47"
    "@vue/shared" "3.2.47"
